// !$*UTF8*$!
{
	archiveVersion = 1;
	classes = {
	};
	objectVersion = 48;
	objects = {

/* Begin PBXBuildFile section */
		C14C2B87203D1DE200EBD693 /* AppDelegate.swift in Sources */ = {isa = PBXBuildFile; fileRef = C14C2B86203D1DE200EBD693 /* AppDelegate.swift */; };
		C14C2B8E203D1DE300EBD693 /* Assets.xcassets in Resources */ = {isa = PBXBuildFile; fileRef = C14C2B8D203D1DE300EBD693 /* Assets.xcassets */; };
		C14C2B91203D1DE300EBD693 /* LaunchScreen.storyboard in Resources */ = {isa = PBXBuildFile; fileRef = C14C2B8F203D1DE300EBD693 /* LaunchScreen.storyboard */; };
		C14C2B9C203D1DE300EBD693 /* MVVMPaintAppSwiftTests.swift in Sources */ = {isa = PBXBuildFile; fileRef = C14C2B9B203D1DE300EBD693 /* MVVMPaintAppSwiftTests.swift */; };
		C16E26E9203D2F2B001692C8 /* .swiftlint.yml in Resources */ = {isa = PBXBuildFile; fileRef = C16E26E8203D2F2B001692C8 /* .swiftlint.yml */; };
		C16E26EE203D305E001692C8 /* Swinject.framework in Frameworks */ = {isa = PBXBuildFile; fileRef = C16E26ED203D305E001692C8 /* Swinject.framework */; };
		C16E2724203D3078001692C8 /* RxCocoa.framework in Frameworks */ = {isa = PBXBuildFile; fileRef = C16E26FD203D3066001692C8 /* RxCocoa.framework */; };
		C16E2725203D3087001692C8 /* RxSwift.framework in Frameworks */ = {isa = PBXBuildFile; fileRef = C16E26FF203D3066001692C8 /* RxSwift.framework */; };
		C16E272E203D30B3001692C8 /* .gitignore in Resources */ = {isa = PBXBuildFile; fileRef = C16E2727203D30B3001692C8 /* .gitignore */; };
		C16E272F203D30B3001692C8 /* LICENSE.txt in Resources */ = {isa = PBXBuildFile; fileRef = C16E2728203D30B3001692C8 /* LICENSE.txt */; };
		C16E2730203D30B3001692C8 /* README.md in Resources */ = {isa = PBXBuildFile; fileRef = C16E2729203D30B3001692C8 /* README.md */; };
		C16E2731203D30B3001692C8 /* SNDrawView.swift in Sources */ = {isa = PBXBuildFile; fileRef = C16E272B203D30B3001692C8 /* SNDrawView.swift */; };
		C16E2732203D30B3001692C8 /* SNPath.swift in Sources */ = {isa = PBXBuildFile; fileRef = C16E272C203D30B3001692C8 /* SNPath.swift */; };
		C16E2733203D30B3001692C8 /* SNPathBuilder.swift in Sources */ = {isa = PBXBuildFile; fileRef = C16E272D203D30B3001692C8 /* SNPathBuilder.swift */; };
		C16E2735203D338E001692C8 /* PaintPathRepository.swift in Sources */ = {isa = PBXBuildFile; fileRef = C16E2734203D338E001692C8 /* PaintPathRepository.swift */; };
		C16E273B203D33F5001692C8 /* PathInfo.swift in Sources */ = {isa = PBXBuildFile; fileRef = C16E273A203D33F5001692C8 /* PathInfo.swift */; };
		C16E273D203D340C001692C8 /* PaintColorType.swift in Sources */ = {isa = PBXBuildFile; fileRef = C16E273C203D340C001692C8 /* PaintColorType.swift */; };
		C16E2740203D3448001692C8 /* RxSNDrawViewDelegateProxy.swift in Sources */ = {isa = PBXBuildFile; fileRef = C16E273F203D3448001692C8 /* RxSNDrawViewDelegateProxy.swift */; };
		C16E2742203D3468001692C8 /* SNDrawView+Rx.swift in Sources */ = {isa = PBXBuildFile; fileRef = C16E2741203D3468001692C8 /* SNDrawView+Rx.swift */; };
		C16E2744203D34CD001692C8 /* CAShapeLayer+Rx.swift in Sources */ = {isa = PBXBuildFile; fileRef = C16E2743203D34CD001692C8 /* CAShapeLayer+Rx.swift */; };
		C16E2746203D3506001692C8 /* UIImage+Color.swift in Sources */ = {isa = PBXBuildFile; fileRef = C16E2745203D3506001692C8 /* UIImage+Color.swift */; };
		C16E2748203D3534001692C8 /* UIBarButtonItem+Highlight.swift in Sources */ = {isa = PBXBuildFile; fileRef = C16E2747203D3534001692C8 /* UIBarButtonItem+Highlight.swift */; };
		C16E274A203D3550001692C8 /* UIImage+Fill.swift in Sources */ = {isa = PBXBuildFile; fileRef = C16E2749203D3550001692C8 /* UIImage+Fill.swift */; };
		C16E274C203D3581001692C8 /* AutoLayout.swift in Sources */ = {isa = PBXBuildFile; fileRef = C16E274B203D3581001692C8 /* AutoLayout.swift */; };
		C16E274E203D359E001692C8 /* ColorResolver.swift in Sources */ = {isa = PBXBuildFile; fileRef = C16E274D203D359E001692C8 /* ColorResolver.swift */; };
		C16E2750203D361D001692C8 /* PaintViewModel.swift in Sources */ = {isa = PBXBuildFile; fileRef = C16E274F203D361D001692C8 /* PaintViewModel.swift */; };
		C16E2753203D364C001692C8 /* PaintPathState.swift in Sources */ = {isa = PBXBuildFile; fileRef = C16E2752203D364C001692C8 /* PaintPathState.swift */; };
		C16E2755203D366B001692C8 /* PaintPathEditState.swift in Sources */ = {isa = PBXBuildFile; fileRef = C16E2754203D366B001692C8 /* PaintPathEditState.swift */; };
		C16E2757203D368E001692C8 /* PaintPathColorState.swift in Sources */ = {isa = PBXBuildFile; fileRef = C16E2756203D368E001692C8 /* PaintPathColorState.swift */; };
		C16E2759203D36A9001692C8 /* PaintSaveState.swift in Sources */ = {isa = PBXBuildFile; fileRef = C16E2758203D36A9001692C8 /* PaintSaveState.swift */; };
		C16E275B203D36EA001692C8 /* PaintView.swift in Sources */ = {isa = PBXBuildFile; fileRef = C16E275A203D36EA001692C8 /* PaintView.swift */; };
		C16E275D203D3710001692C8 /* PaintUIBarButtonItems.swift in Sources */ = {isa = PBXBuildFile; fileRef = C16E275C203D3710001692C8 /* PaintUIBarButtonItems.swift */; };
		C16E275F203D3778001692C8 /* PaintViewController.swift in Sources */ = {isa = PBXBuildFile; fileRef = C16E275E203D3778001692C8 /* PaintViewController.swift */; };
		C16E2761203D37D5001692C8 /* PaintAssembly.swift in Sources */ = {isa = PBXBuildFile; fileRef = C16E2760203D37D5001692C8 /* PaintAssembly.swift */; };
/* End PBXBuildFile section */

/* Begin PBXContainerItemProxy section */
		C14C2B98203D1DE300EBD693 /* PBXContainerItemProxy */ = {
			isa = PBXContainerItemProxy;
			containerPortal = C14C2B7B203D1DE200EBD693 /* Project object */;
			proxyType = 1;
			remoteGlobalIDString = C14C2B82203D1DE200EBD693;
			remoteInfo = MVVMPaintAppSwift;
		};
/* End PBXContainerItemProxy section */

/* Begin PBXFileReference section */
		C14C2B83203D1DE200EBD693 /* MVVMPaintAppSwift.app */ = {isa = PBXFileReference; explicitFileType = wrapper.application; includeInIndex = 0; path = MVVMPaintAppSwift.app; sourceTree = BUILT_PRODUCTS_DIR; };
		C14C2B86203D1DE200EBD693 /* AppDelegate.swift */ = {isa = PBXFileReference; lastKnownFileType = sourcecode.swift; path = AppDelegate.swift; sourceTree = "<group>"; };
		C14C2B8D203D1DE300EBD693 /* Assets.xcassets */ = {isa = PBXFileReference; lastKnownFileType = folder.assetcatalog; path = Assets.xcassets; sourceTree = "<group>"; };
		C14C2B90203D1DE300EBD693 /* Base */ = {isa = PBXFileReference; lastKnownFileType = file.storyboard; name = Base; path = Base.lproj/LaunchScreen.storyboard; sourceTree = "<group>"; };
		C14C2B92203D1DE300EBD693 /* Info.plist */ = {isa = PBXFileReference; lastKnownFileType = text.plist.xml; path = Info.plist; sourceTree = "<group>"; };
		C14C2B97203D1DE300EBD693 /* MVVMPaintAppSwiftTests.xctest */ = {isa = PBXFileReference; explicitFileType = wrapper.cfbundle; includeInIndex = 0; path = MVVMPaintAppSwiftTests.xctest; sourceTree = BUILT_PRODUCTS_DIR; };
		C14C2B9B203D1DE300EBD693 /* MVVMPaintAppSwiftTests.swift */ = {isa = PBXFileReference; lastKnownFileType = sourcecode.swift; path = MVVMPaintAppSwiftTests.swift; sourceTree = "<group>"; };
		C14C2B9D203D1DE300EBD693 /* Info.plist */ = {isa = PBXFileReference; lastKnownFileType = text.plist.xml; path = Info.plist; sourceTree = "<group>"; };
		C16E26E8203D2F2B001692C8 /* .swiftlint.yml */ = {isa = PBXFileReference; lastKnownFileType = text; path = .swiftlint.yml; sourceTree = "<group>"; };
		C16E26ED203D305E001692C8 /* Swinject.framework */ = {isa = PBXFileReference; lastKnownFileType = wrapper.framework; name = Swinject.framework; path = Carthage/Build/iOS/Swinject.framework; sourceTree = "<group>"; };
		C16E26F0203D3066001692C8 /* .RxSwift.version */ = {isa = PBXFileReference; lastKnownFileType = text; path = .RxSwift.version; sourceTree = "<group>"; };
		C16E26F1203D3066001692C8 /* .Swinject.version */ = {isa = PBXFileReference; lastKnownFileType = text; path = .Swinject.version; sourceTree = "<group>"; };
		C16E26F3203D3066001692C8 /* 0FE784CE-F7DD-387A-8334-1497F8B1B0EA.bcsymbolmap */ = {isa = PBXFileReference; lastKnownFileType = text; path = "0FE784CE-F7DD-387A-8334-1497F8B1B0EA.bcsymbolmap"; sourceTree = "<group>"; };
		C16E26F4203D3066001692C8 /* 49C020B0-41C2-3EA1-BB22-A8BABA5758F9.bcsymbolmap */ = {isa = PBXFileReference; lastKnownFileType = text; path = "49C020B0-41C2-3EA1-BB22-A8BABA5758F9.bcsymbolmap"; sourceTree = "<group>"; };
		C16E26F5203D3066001692C8 /* 502D3436-DDC5-3280-BD65-C9D6EE3750BE.bcsymbolmap */ = {isa = PBXFileReference; lastKnownFileType = text; path = "502D3436-DDC5-3280-BD65-C9D6EE3750BE.bcsymbolmap"; sourceTree = "<group>"; };
		C16E26F6203D3066001692C8 /* 7CF847E1-C91C-3E5B-89D7-DA00F1725660.bcsymbolmap */ = {isa = PBXFileReference; lastKnownFileType = text; path = "7CF847E1-C91C-3E5B-89D7-DA00F1725660.bcsymbolmap"; sourceTree = "<group>"; };
		C16E26F7203D3066001692C8 /* C3A097AD-6BEE-3A50-9639-9DF54629B077.bcsymbolmap */ = {isa = PBXFileReference; lastKnownFileType = text; path = "C3A097AD-6BEE-3A50-9639-9DF54629B077.bcsymbolmap"; sourceTree = "<group>"; };
		C16E26F8203D3066001692C8 /* D65EADF9-F7A5-3A01-B71B-2A8988180896.bcsymbolmap */ = {isa = PBXFileReference; lastKnownFileType = text; path = "D65EADF9-F7A5-3A01-B71B-2A8988180896.bcsymbolmap"; sourceTree = "<group>"; };
		C16E26F9203D3066001692C8 /* DBE35391-423A-3D8E-A7AD-E8D7B164C5E1.bcsymbolmap */ = {isa = PBXFileReference; lastKnownFileType = text; path = "DBE35391-423A-3D8E-A7AD-E8D7B164C5E1.bcsymbolmap"; sourceTree = "<group>"; };
		C16E26FA203D3066001692C8 /* F2413CE4-AC11-3163-972C-F94315EEB2D6.bcsymbolmap */ = {isa = PBXFileReference; lastKnownFileType = text; path = "F2413CE4-AC11-3163-972C-F94315EEB2D6.bcsymbolmap"; sourceTree = "<group>"; };
		C16E26FB203D3066001692C8 /* RxBlocking.framework */ = {isa = PBXFileReference; lastKnownFileType = wrapper.framework; path = RxBlocking.framework; sourceTree = "<group>"; };
		C16E26FC203D3066001692C8 /* RxBlocking.framework.dSYM */ = {isa = PBXFileReference; lastKnownFileType = wrapper.dsym; path = RxBlocking.framework.dSYM; sourceTree = "<group>"; };
		C16E26FD203D3066001692C8 /* RxCocoa.framework */ = {isa = PBXFileReference; lastKnownFileType = wrapper.framework; path = RxCocoa.framework; sourceTree = "<group>"; };
		C16E26FE203D3066001692C8 /* RxCocoa.framework.dSYM */ = {isa = PBXFileReference; lastKnownFileType = wrapper.dsym; path = RxCocoa.framework.dSYM; sourceTree = "<group>"; };
		C16E26FF203D3066001692C8 /* RxSwift.framework */ = {isa = PBXFileReference; lastKnownFileType = wrapper.framework; path = RxSwift.framework; sourceTree = "<group>"; };
		C16E2700203D3066001692C8 /* RxSwift.framework.dSYM */ = {isa = PBXFileReference; lastKnownFileType = wrapper.dsym; path = RxSwift.framework.dSYM; sourceTree = "<group>"; };
		C16E2701203D3066001692C8 /* RxTest.framework */ = {isa = PBXFileReference; lastKnownFileType = wrapper.framework; path = RxTest.framework; sourceTree = "<group>"; };
		C16E2702203D3066001692C8 /* RxTest.framework.dSYM */ = {isa = PBXFileReference; lastKnownFileType = wrapper.dsym; path = RxTest.framework.dSYM; sourceTree = "<group>"; };
		C16E2703203D3066001692C8 /* Swinject.framework */ = {isa = PBXFileReference; lastKnownFileType = wrapper.framework; path = Swinject.framework; sourceTree = "<group>"; };
		C16E2704203D3066001692C8 /* Swinject.framework.dSYM */ = {isa = PBXFileReference; lastKnownFileType = wrapper.dsym; path = Swinject.framework.dSYM; sourceTree = "<group>"; };
		C16E2706203D3066001692C8 /* RxBlocking.framework */ = {isa = PBXFileReference; lastKnownFileType = wrapper.framework; path = RxBlocking.framework; sourceTree = "<group>"; };
		C16E2707203D3066001692C8 /* RxBlocking.framework.dSYM */ = {isa = PBXFileReference; lastKnownFileType = wrapper.dsym; path = RxBlocking.framework.dSYM; sourceTree = "<group>"; };
		C16E2708203D3066001692C8 /* RxCocoa.framework */ = {isa = PBXFileReference; lastKnownFileType = wrapper.framework; path = RxCocoa.framework; sourceTree = "<group>"; };
		C16E2709203D3066001692C8 /* RxCocoa.framework.dSYM */ = {isa = PBXFileReference; lastKnownFileType = wrapper.dsym; path = RxCocoa.framework.dSYM; sourceTree = "<group>"; };
		C16E270A203D3066001692C8 /* RxSwift.framework */ = {isa = PBXFileReference; lastKnownFileType = wrapper.framework; path = RxSwift.framework; sourceTree = "<group>"; };
		C16E270B203D3066001692C8 /* RxSwift.framework.dSYM */ = {isa = PBXFileReference; lastKnownFileType = wrapper.dsym; path = RxSwift.framework.dSYM; sourceTree = "<group>"; };
		C16E270C203D3066001692C8 /* RxTest.framework */ = {isa = PBXFileReference; lastKnownFileType = wrapper.framework; path = RxTest.framework; sourceTree = "<group>"; };
		C16E270D203D3066001692C8 /* RxTest.framework.dSYM */ = {isa = PBXFileReference; lastKnownFileType = wrapper.dsym; path = RxTest.framework.dSYM; sourceTree = "<group>"; };
		C16E270F203D3066001692C8 /* 0C264A0C-708C-3B67-9C7F-8C58A404C0DA.bcsymbolmap */ = {isa = PBXFileReference; lastKnownFileType = text; path = "0C264A0C-708C-3B67-9C7F-8C58A404C0DA.bcsymbolmap"; sourceTree = "<group>"; };
		C16E2710203D3066001692C8 /* 1F15EFF8-024A-3362-8145-EE08DCFD393A.bcsymbolmap */ = {isa = PBXFileReference; lastKnownFileType = text; path = "1F15EFF8-024A-3362-8145-EE08DCFD393A.bcsymbolmap"; sourceTree = "<group>"; };
		C16E2711203D3066001692C8 /* 37125595-7216-3C4F-AEA5-A3F80D2E39FB.bcsymbolmap */ = {isa = PBXFileReference; lastKnownFileType = text; path = "37125595-7216-3C4F-AEA5-A3F80D2E39FB.bcsymbolmap"; sourceTree = "<group>"; };
		C16E2712203D3066001692C8 /* RxBlocking.framework */ = {isa = PBXFileReference; lastKnownFileType = wrapper.framework; path = RxBlocking.framework; sourceTree = "<group>"; };
		C16E2713203D3066001692C8 /* RxBlocking.framework.dSYM */ = {isa = PBXFileReference; lastKnownFileType = wrapper.dsym; path = RxBlocking.framework.dSYM; sourceTree = "<group>"; };
		C16E2714203D3066001692C8 /* RxCocoa.framework */ = {isa = PBXFileReference; lastKnownFileType = wrapper.framework; path = RxCocoa.framework; sourceTree = "<group>"; };
		C16E2715203D3066001692C8 /* RxCocoa.framework.dSYM */ = {isa = PBXFileReference; lastKnownFileType = wrapper.dsym; path = RxCocoa.framework.dSYM; sourceTree = "<group>"; };
		C16E2716203D3066001692C8 /* RxSwift.framework */ = {isa = PBXFileReference; lastKnownFileType = wrapper.framework; path = RxSwift.framework; sourceTree = "<group>"; };
		C16E2717203D3066001692C8 /* RxSwift.framework.dSYM */ = {isa = PBXFileReference; lastKnownFileType = wrapper.dsym; path = RxSwift.framework.dSYM; sourceTree = "<group>"; };
		C16E2718203D3066001692C8 /* RxTest.framework */ = {isa = PBXFileReference; lastKnownFileType = wrapper.framework; path = RxTest.framework; sourceTree = "<group>"; };
		C16E2719203D3066001692C8 /* RxTest.framework.dSYM */ = {isa = PBXFileReference; lastKnownFileType = wrapper.dsym; path = RxTest.framework.dSYM; sourceTree = "<group>"; };
		C16E271B203D3066001692C8 /* 74B6BD27-F4CC-3AC4-B630-3D7B196A8055.bcsymbolmap */ = {isa = PBXFileReference; lastKnownFileType = text; path = "74B6BD27-F4CC-3AC4-B630-3D7B196A8055.bcsymbolmap"; sourceTree = "<group>"; };
		C16E271C203D3066001692C8 /* 84268133-443D-3085-B802-1923D7AE3F1E.bcsymbolmap */ = {isa = PBXFileReference; lastKnownFileType = text; path = "84268133-443D-3085-B802-1923D7AE3F1E.bcsymbolmap"; sourceTree = "<group>"; };
		C16E271D203D3066001692C8 /* B931AC69-A27E-3ECF-8480-89AF284C24B6.bcsymbolmap */ = {isa = PBXFileReference; lastKnownFileType = text; path = "B931AC69-A27E-3ECF-8480-89AF284C24B6.bcsymbolmap"; sourceTree = "<group>"; };
		C16E271E203D3066001692C8 /* RxBlocking.framework */ = {isa = PBXFileReference; lastKnownFileType = wrapper.framework; path = RxBlocking.framework; sourceTree = "<group>"; };
		C16E271F203D3066001692C8 /* RxBlocking.framework.dSYM */ = {isa = PBXFileReference; lastKnownFileType = wrapper.dsym; path = RxBlocking.framework.dSYM; sourceTree = "<group>"; };
		C16E2720203D3066001692C8 /* RxCocoa.framework */ = {isa = PBXFileReference; lastKnownFileType = wrapper.framework; path = RxCocoa.framework; sourceTree = "<group>"; };
		C16E2721203D3066001692C8 /* RxCocoa.framework.dSYM */ = {isa = PBXFileReference; lastKnownFileType = wrapper.dsym; path = RxCocoa.framework.dSYM; sourceTree = "<group>"; };
		C16E2722203D3066001692C8 /* RxSwift.framework */ = {isa = PBXFileReference; lastKnownFileType = wrapper.framework; path = RxSwift.framework; sourceTree = "<group>"; };
		C16E2723203D3066001692C8 /* RxSwift.framework.dSYM */ = {isa = PBXFileReference; lastKnownFileType = wrapper.dsym; path = RxSwift.framework.dSYM; sourceTree = "<group>"; };
		C16E2727203D30B3001692C8 /* .gitignore */ = {isa = PBXFileReference; fileEncoding = 4; lastKnownFileType = text; path = .gitignore; sourceTree = "<group>"; };
		C16E2728203D30B3001692C8 /* LICENSE.txt */ = {isa = PBXFileReference; fileEncoding = 4; lastKnownFileType = text; path = LICENSE.txt; sourceTree = "<group>"; };
		C16E2729203D30B3001692C8 /* README.md */ = {isa = PBXFileReference; fileEncoding = 4; lastKnownFileType = net.daringfireball.markdown; path = README.md; sourceTree = "<group>"; };
		C16E272B203D30B3001692C8 /* SNDrawView.swift */ = {isa = PBXFileReference; fileEncoding = 4; lastKnownFileType = sourcecode.swift; path = SNDrawView.swift; sourceTree = "<group>"; };
		C16E272C203D30B3001692C8 /* SNPath.swift */ = {isa = PBXFileReference; fileEncoding = 4; lastKnownFileType = sourcecode.swift; path = SNPath.swift; sourceTree = "<group>"; };
		C16E272D203D30B3001692C8 /* SNPathBuilder.swift */ = {isa = PBXFileReference; fileEncoding = 4; lastKnownFileType = sourcecode.swift; path = SNPathBuilder.swift; sourceTree = "<group>"; };
		C16E2734203D338E001692C8 /* PaintPathRepository.swift */ = {isa = PBXFileReference; lastKnownFileType = sourcecode.swift; path = PaintPathRepository.swift; sourceTree = "<group>"; };
		C16E273A203D33F5001692C8 /* PathInfo.swift */ = {isa = PBXFileReference; lastKnownFileType = sourcecode.swift; path = PathInfo.swift; sourceTree = "<group>"; };
		C16E273C203D340C001692C8 /* PaintColorType.swift */ = {isa = PBXFileReference; lastKnownFileType = sourcecode.swift; path = PaintColorType.swift; sourceTree = "<group>"; };
		C16E273F203D3448001692C8 /* RxSNDrawViewDelegateProxy.swift */ = {isa = PBXFileReference; lastKnownFileType = sourcecode.swift; path = RxSNDrawViewDelegateProxy.swift; sourceTree = "<group>"; };
		C16E2741203D3468001692C8 /* SNDrawView+Rx.swift */ = {isa = PBXFileReference; lastKnownFileType = sourcecode.swift; path = "SNDrawView+Rx.swift"; sourceTree = "<group>"; };
		C16E2743203D34CD001692C8 /* CAShapeLayer+Rx.swift */ = {isa = PBXFileReference; lastKnownFileType = sourcecode.swift; path = "CAShapeLayer+Rx.swift"; sourceTree = "<group>"; };
		C16E2745203D3506001692C8 /* UIImage+Color.swift */ = {isa = PBXFileReference; lastKnownFileType = sourcecode.swift; path = "UIImage+Color.swift"; sourceTree = "<group>"; };
		C16E2747203D3534001692C8 /* UIBarButtonItem+Highlight.swift */ = {isa = PBXFileReference; lastKnownFileType = sourcecode.swift; path = "UIBarButtonItem+Highlight.swift"; sourceTree = "<group>"; };
		C16E2749203D3550001692C8 /* UIImage+Fill.swift */ = {isa = PBXFileReference; lastKnownFileType = sourcecode.swift; path = "UIImage+Fill.swift"; sourceTree = "<group>"; };
		C16E274B203D3581001692C8 /* AutoLayout.swift */ = {isa = PBXFileReference; lastKnownFileType = sourcecode.swift; path = AutoLayout.swift; sourceTree = "<group>"; };
		C16E274D203D359E001692C8 /* ColorResolver.swift */ = {isa = PBXFileReference; lastKnownFileType = sourcecode.swift; path = ColorResolver.swift; sourceTree = "<group>"; };
		C16E274F203D361D001692C8 /* PaintViewModel.swift */ = {isa = PBXFileReference; lastKnownFileType = sourcecode.swift; path = PaintViewModel.swift; sourceTree = "<group>"; };
		C16E2752203D364C001692C8 /* PaintPathState.swift */ = {isa = PBXFileReference; lastKnownFileType = sourcecode.swift; path = PaintPathState.swift; sourceTree = "<group>"; };
		C16E2754203D366B001692C8 /* PaintPathEditState.swift */ = {isa = PBXFileReference; lastKnownFileType = sourcecode.swift; path = PaintPathEditState.swift; sourceTree = "<group>"; };
		C16E2756203D368E001692C8 /* PaintPathColorState.swift */ = {isa = PBXFileReference; lastKnownFileType = sourcecode.swift; path = PaintPathColorState.swift; sourceTree = "<group>"; };
		C16E2758203D36A9001692C8 /* PaintSaveState.swift */ = {isa = PBXFileReference; lastKnownFileType = sourcecode.swift; path = PaintSaveState.swift; sourceTree = "<group>"; };
		C16E275A203D36EA001692C8 /* PaintView.swift */ = {isa = PBXFileReference; lastKnownFileType = sourcecode.swift; path = PaintView.swift; sourceTree = "<group>"; };
		C16E275C203D3710001692C8 /* PaintUIBarButtonItems.swift */ = {isa = PBXFileReference; lastKnownFileType = sourcecode.swift; path = PaintUIBarButtonItems.swift; sourceTree = "<group>"; };
		C16E275E203D3778001692C8 /* PaintViewController.swift */ = {isa = PBXFileReference; lastKnownFileType = sourcecode.swift; path = PaintViewController.swift; sourceTree = "<group>"; };
		C16E2760203D37D5001692C8 /* PaintAssembly.swift */ = {isa = PBXFileReference; lastKnownFileType = sourcecode.swift; path = PaintAssembly.swift; sourceTree = "<group>"; };
/* End PBXFileReference section */

/* Begin PBXFrameworksBuildPhase section */
		C14C2B80203D1DE200EBD693 /* Frameworks */ = {
			isa = PBXFrameworksBuildPhase;
			buildActionMask = 2147483647;
			files = (
				C16E2725203D3087001692C8 /* RxSwift.framework in Frameworks */,
				C16E2724203D3078001692C8 /* RxCocoa.framework in Frameworks */,
				C16E26EE203D305E001692C8 /* Swinject.framework in Frameworks */,
			);
			runOnlyForDeploymentPostprocessing = 0;
		};
		C14C2B94203D1DE300EBD693 /* Frameworks */ = {
			isa = PBXFrameworksBuildPhase;
			buildActionMask = 2147483647;
			files = (
			);
			runOnlyForDeploymentPostprocessing = 0;
		};
/* End PBXFrameworksBuildPhase section */

/* Begin PBXGroup section */
		C14C2B7A203D1DE200EBD693 = {
			isa = PBXGroup;
			children = (
				C16E26E8203D2F2B001692C8 /* .swiftlint.yml */,
				C14C2B85203D1DE200EBD693 /* MVVMPaintAppSwift */,
				C14C2B9A203D1DE300EBD693 /* MVVMPaintAppSwiftTests */,
				C14C2B84203D1DE200EBD693 /* Products */,
				C16E26EC203D305E001692C8 /* Frameworks */,
			);
			sourceTree = "<group>";
		};
		C14C2B84203D1DE200EBD693 /* Products */ = {
			isa = PBXGroup;
			children = (
				C14C2B83203D1DE200EBD693 /* MVVMPaintAppSwift.app */,
				C14C2B97203D1DE300EBD693 /* MVVMPaintAppSwiftTests.xctest */,
			);
			name = Products;
			sourceTree = "<group>";
		};
		C14C2B85203D1DE200EBD693 /* MVVMPaintAppSwift */ = {
			isa = PBXGroup;
			children = (
				C16E26E2203D2E41001692C8 /* ExternalLibs */,
				C16E26E1203D2E34001692C8 /* DI */,
				C16E26E3203D2E5D001692C8 /* Shared */,
				C16E26E4203D2E67001692C8 /* Repositories */,
				C16E26E5203D2E7A001692C8 /* ViewModels */,
				C16E26E6203D2E84001692C8 /* ViewControllers */,
				C16E26E7203D2E8D001692C8 /* Views */,
				C14C2B86203D1DE200EBD693 /* AppDelegate.swift */,
				C14C2B8D203D1DE300EBD693 /* Assets.xcassets */,
				C14C2B8F203D1DE300EBD693 /* LaunchScreen.storyboard */,
				C14C2B92203D1DE300EBD693 /* Info.plist */,
			);
			path = MVVMPaintAppSwift;
			sourceTree = "<group>";
		};
		C14C2B9A203D1DE300EBD693 /* MVVMPaintAppSwiftTests */ = {
			isa = PBXGroup;
			children = (
				C14C2B9B203D1DE300EBD693 /* MVVMPaintAppSwiftTests.swift */,
				C14C2B9D203D1DE300EBD693 /* Info.plist */,
			);
			path = MVVMPaintAppSwiftTests;
			sourceTree = "<group>";
		};
		C16E26E1203D2E34001692C8 /* DI */ = {
			isa = PBXGroup;
			children = (
				C16E2760203D37D5001692C8 /* PaintAssembly.swift */,
			);
			path = DI;
			sourceTree = "<group>";
		};
		C16E26E2203D2E41001692C8 /* ExternalLibs */ = {
			isa = PBXGroup;
			children = (
				C16E2726203D30B3001692C8 /* SNDraw */,
			);
			path = ExternalLibs;
			sourceTree = "<group>";
		};
		C16E26E3203D2E5D001692C8 /* Shared */ = {
			isa = PBXGroup;
			children = (
				C16E2736203D33B6001692C8 /* Path */,
				C16E2737203D33C0001692C8 /* Rx */,
				C16E2738203D33C9001692C8 /* Extensions */,
				C16E2739203D33D7001692C8 /* Utils */,
			);
			path = Shared;
			sourceTree = "<group>";
		};
		C16E26E4203D2E67001692C8 /* Repositories */ = {
			isa = PBXGroup;
			children = (
				C16E2734203D338E001692C8 /* PaintPathRepository.swift */,
			);
			path = Repositories;
			sourceTree = "<group>";
		};
		C16E26E5203D2E7A001692C8 /* ViewModels */ = {
			isa = PBXGroup;
			children = (
				C16E274F203D361D001692C8 /* PaintViewModel.swift */,
				C16E2751203D3633001692C8 /* States */,
			);
			path = ViewModels;
			sourceTree = "<group>";
		};
		C16E26E6203D2E84001692C8 /* ViewControllers */ = {
			isa = PBXGroup;
			children = (
				C16E275E203D3778001692C8 /* PaintViewController.swift */,
			);
			path = ViewControllers;
			sourceTree = "<group>";
		};
		C16E26E7203D2E8D001692C8 /* Views */ = {
			isa = PBXGroup;
			children = (
				C16E275A203D36EA001692C8 /* PaintView.swift */,
				C16E275C203D3710001692C8 /* PaintUIBarButtonItems.swift */,
			);
			path = Views;
			sourceTree = "<group>";
		};
		C16E26EC203D305E001692C8 /* Frameworks */ = {
			isa = PBXGroup;
			children = (
				C16E26EF203D3066001692C8 /* Build */,
				C16E26ED203D305E001692C8 /* Swinject.framework */,
			);
			name = Frameworks;
			sourceTree = "<group>";
		};
		C16E26EF203D3066001692C8 /* Build */ = {
			isa = PBXGroup;
			children = (
				C16E26F0203D3066001692C8 /* .RxSwift.version */,
				C16E26F1203D3066001692C8 /* .Swinject.version */,
				C16E26F2203D3066001692C8 /* iOS */,
				C16E2705203D3066001692C8 /* Mac */,
				C16E270E203D3066001692C8 /* tvOS */,
				C16E271A203D3066001692C8 /* watchOS */,
			);
			name = Build;
			path = Carthage/Build;
			sourceTree = "<group>";
		};
		C16E26F2203D3066001692C8 /* iOS */ = {
			isa = PBXGroup;
			children = (
				C16E26F3203D3066001692C8 /* 0FE784CE-F7DD-387A-8334-1497F8B1B0EA.bcsymbolmap */,
				C16E26F4203D3066001692C8 /* 49C020B0-41C2-3EA1-BB22-A8BABA5758F9.bcsymbolmap */,
				C16E26F5203D3066001692C8 /* 502D3436-DDC5-3280-BD65-C9D6EE3750BE.bcsymbolmap */,
				C16E26F6203D3066001692C8 /* 7CF847E1-C91C-3E5B-89D7-DA00F1725660.bcsymbolmap */,
				C16E26F7203D3066001692C8 /* C3A097AD-6BEE-3A50-9639-9DF54629B077.bcsymbolmap */,
				C16E26F8203D3066001692C8 /* D65EADF9-F7A5-3A01-B71B-2A8988180896.bcsymbolmap */,
				C16E26F9203D3066001692C8 /* DBE35391-423A-3D8E-A7AD-E8D7B164C5E1.bcsymbolmap */,
				C16E26FA203D3066001692C8 /* F2413CE4-AC11-3163-972C-F94315EEB2D6.bcsymbolmap */,
				C16E26FB203D3066001692C8 /* RxBlocking.framework */,
				C16E26FC203D3066001692C8 /* RxBlocking.framework.dSYM */,
				C16E26FD203D3066001692C8 /* RxCocoa.framework */,
				C16E26FE203D3066001692C8 /* RxCocoa.framework.dSYM */,
				C16E26FF203D3066001692C8 /* RxSwift.framework */,
				C16E2700203D3066001692C8 /* RxSwift.framework.dSYM */,
				C16E2701203D3066001692C8 /* RxTest.framework */,
				C16E2702203D3066001692C8 /* RxTest.framework.dSYM */,
				C16E2703203D3066001692C8 /* Swinject.framework */,
				C16E2704203D3066001692C8 /* Swinject.framework.dSYM */,
			);
			path = iOS;
			sourceTree = "<group>";
		};
		C16E2705203D3066001692C8 /* Mac */ = {
			isa = PBXGroup;
			children = (
				C16E2706203D3066001692C8 /* RxBlocking.framework */,
				C16E2707203D3066001692C8 /* RxBlocking.framework.dSYM */,
				C16E2708203D3066001692C8 /* RxCocoa.framework */,
				C16E2709203D3066001692C8 /* RxCocoa.framework.dSYM */,
				C16E270A203D3066001692C8 /* RxSwift.framework */,
				C16E270B203D3066001692C8 /* RxSwift.framework.dSYM */,
				C16E270C203D3066001692C8 /* RxTest.framework */,
				C16E270D203D3066001692C8 /* RxTest.framework.dSYM */,
			);
			path = Mac;
			sourceTree = "<group>";
		};
		C16E270E203D3066001692C8 /* tvOS */ = {
			isa = PBXGroup;
			children = (
				C16E270F203D3066001692C8 /* 0C264A0C-708C-3B67-9C7F-8C58A404C0DA.bcsymbolmap */,
				C16E2710203D3066001692C8 /* 1F15EFF8-024A-3362-8145-EE08DCFD393A.bcsymbolmap */,
				C16E2711203D3066001692C8 /* 37125595-7216-3C4F-AEA5-A3F80D2E39FB.bcsymbolmap */,
				C16E2712203D3066001692C8 /* RxBlocking.framework */,
				C16E2713203D3066001692C8 /* RxBlocking.framework.dSYM */,
				C16E2714203D3066001692C8 /* RxCocoa.framework */,
				C16E2715203D3066001692C8 /* RxCocoa.framework.dSYM */,
				C16E2716203D3066001692C8 /* RxSwift.framework */,
				C16E2717203D3066001692C8 /* RxSwift.framework.dSYM */,
				C16E2718203D3066001692C8 /* RxTest.framework */,
				C16E2719203D3066001692C8 /* RxTest.framework.dSYM */,
			);
			path = tvOS;
			sourceTree = "<group>";
		};
		C16E271A203D3066001692C8 /* watchOS */ = {
			isa = PBXGroup;
			children = (
				C16E271B203D3066001692C8 /* 74B6BD27-F4CC-3AC4-B630-3D7B196A8055.bcsymbolmap */,
				C16E271C203D3066001692C8 /* 84268133-443D-3085-B802-1923D7AE3F1E.bcsymbolmap */,
				C16E271D203D3066001692C8 /* B931AC69-A27E-3ECF-8480-89AF284C24B6.bcsymbolmap */,
				C16E271E203D3066001692C8 /* RxBlocking.framework */,
				C16E271F203D3066001692C8 /* RxBlocking.framework.dSYM */,
				C16E2720203D3066001692C8 /* RxCocoa.framework */,
				C16E2721203D3066001692C8 /* RxCocoa.framework.dSYM */,
				C16E2722203D3066001692C8 /* RxSwift.framework */,
				C16E2723203D3066001692C8 /* RxSwift.framework.dSYM */,
			);
			path = watchOS;
			sourceTree = "<group>";
		};
		C16E2726203D30B3001692C8 /* SNDraw */ = {
			isa = PBXGroup;
			children = (
				C16E2727203D30B3001692C8 /* .gitignore */,
				C16E2728203D30B3001692C8 /* LICENSE.txt */,
				C16E2729203D30B3001692C8 /* README.md */,
				C16E272A203D30B3001692C8 /* src */,
			);
			path = SNDraw;
			sourceTree = "<group>";
		};
		C16E272A203D30B3001692C8 /* src */ = {
			isa = PBXGroup;
			children = (
				C16E272B203D30B3001692C8 /* SNDrawView.swift */,
				C16E272C203D30B3001692C8 /* SNPath.swift */,
				C16E272D203D30B3001692C8 /* SNPathBuilder.swift */,
			);
			path = src;
			sourceTree = "<group>";
		};
		C16E2736203D33B6001692C8 /* Path */ = {
			isa = PBXGroup;
			children = (
				C16E273A203D33F5001692C8 /* PathInfo.swift */,
				C16E273C203D340C001692C8 /* PaintColorType.swift */,
			);
			path = Path;
			sourceTree = "<group>";
		};
		C16E2737203D33C0001692C8 /* Rx */ = {
			isa = PBXGroup;
			children = (
				C16E273E203D3426001692C8 /* SNDraw */,
				C16E2743203D34CD001692C8 /* CAShapeLayer+Rx.swift */,
			);
			path = Rx;
			sourceTree = "<group>";
		};
		C16E2738203D33C9001692C8 /* Extensions */ = {
			isa = PBXGroup;
			children = (
				C16E2745203D3506001692C8 /* UIImage+Color.swift */,
				C16E2747203D3534001692C8 /* UIBarButtonItem+Highlight.swift */,
				C16E2749203D3550001692C8 /* UIImage+Fill.swift */,
			);
			path = Extensions;
			sourceTree = "<group>";
		};
		C16E2739203D33D7001692C8 /* Utils */ = {
			isa = PBXGroup;
			children = (
				C16E274B203D3581001692C8 /* AutoLayout.swift */,
				C16E274D203D359E001692C8 /* ColorResolver.swift */,
			);
			path = Utils;
			sourceTree = "<group>";
		};
		C16E273E203D3426001692C8 /* SNDraw */ = {
			isa = PBXGroup;
			children = (
				C16E273F203D3448001692C8 /* RxSNDrawViewDelegateProxy.swift */,
				C16E2741203D3468001692C8 /* SNDrawView+Rx.swift */,
			);
			path = SNDraw;
			sourceTree = "<group>";
		};
		C16E2751203D3633001692C8 /* States */ = {
			isa = PBXGroup;
			children = (
				C16E2752203D364C001692C8 /* PaintPathState.swift */,
				C16E2754203D366B001692C8 /* PaintPathEditState.swift */,
				C16E2756203D368E001692C8 /* PaintPathColorState.swift */,
				C16E2758203D36A9001692C8 /* PaintSaveState.swift */,
			);
			path = States;
			sourceTree = "<group>";
		};
/* End PBXGroup section */

/* Begin PBXNativeTarget section */
		C14C2B82203D1DE200EBD693 /* MVVMPaintAppSwift */ = {
			isa = PBXNativeTarget;
			buildConfigurationList = C14C2BA0203D1DE300EBD693 /* Build configuration list for PBXNativeTarget "MVVMPaintAppSwift" */;
			buildPhases = (
				C14C2B7F203D1DE200EBD693 /* Sources */,
				C14C2B80203D1DE200EBD693 /* Frameworks */,
				C14C2B81203D1DE200EBD693 /* Resources */,
				C16E26EA203D2F99001692C8 /* SwiftLint */,
				C16E26EB203D2FD3001692C8 /* Carthage */,
			);
			buildRules = (
			);
			dependencies = (
			);
			name = MVVMPaintAppSwift;
			productName = MVVMPaintAppSwift;
			productReference = C14C2B83203D1DE200EBD693 /* MVVMPaintAppSwift.app */;
			productType = "com.apple.product-type.application";
		};
		C14C2B96203D1DE300EBD693 /* MVVMPaintAppSwiftTests */ = {
			isa = PBXNativeTarget;
			buildConfigurationList = C14C2BA3203D1DE300EBD693 /* Build configuration list for PBXNativeTarget "MVVMPaintAppSwiftTests" */;
			buildPhases = (
				C14C2B93203D1DE300EBD693 /* Sources */,
				C14C2B94203D1DE300EBD693 /* Frameworks */,
				C14C2B95203D1DE300EBD693 /* Resources */,
			);
			buildRules = (
			);
			dependencies = (
				C14C2B99203D1DE300EBD693 /* PBXTargetDependency */,
			);
			name = MVVMPaintAppSwiftTests;
			productName = MVVMPaintAppSwiftTests;
			productReference = C14C2B97203D1DE300EBD693 /* MVVMPaintAppSwiftTests.xctest */;
			productType = "com.apple.product-type.bundle.unit-test";
		};
/* End PBXNativeTarget section */

/* Begin PBXProject section */
		C14C2B7B203D1DE200EBD693 /* Project object */ = {
			isa = PBXProject;
			attributes = {
				LastSwiftUpdateCheck = 0920;
				LastUpgradeCheck = 0920;
				ORGANIZATIONNAME = "Miida Yuki";
				TargetAttributes = {
					C14C2B82203D1DE200EBD693 = {
						CreatedOnToolsVersion = 9.2;
						ProvisioningStyle = Manual;
					};
					C14C2B96203D1DE300EBD693 = {
						CreatedOnToolsVersion = 9.2;
						ProvisioningStyle = Automatic;
						TestTargetID = C14C2B82203D1DE200EBD693;
					};
				};
			};
			buildConfigurationList = C14C2B7E203D1DE200EBD693 /* Build configuration list for PBXProject "MVVMPaintAppSwift" */;
			compatibilityVersion = "Xcode 8.0";
			developmentRegion = en;
			hasScannedForEncodings = 0;
			knownRegions = (
				en,
				Base,
			);
			mainGroup = C14C2B7A203D1DE200EBD693;
			productRefGroup = C14C2B84203D1DE200EBD693 /* Products */;
			projectDirPath = "";
			projectRoot = "";
			targets = (
				C14C2B82203D1DE200EBD693 /* MVVMPaintAppSwift */,
				C14C2B96203D1DE300EBD693 /* MVVMPaintAppSwiftTests */,
			);
		};
/* End PBXProject section */

/* Begin PBXResourcesBuildPhase section */
		C14C2B81203D1DE200EBD693 /* Resources */ = {
			isa = PBXResourcesBuildPhase;
			buildActionMask = 2147483647;
			files = (
				C16E2730203D30B3001692C8 /* README.md in Resources */,
				C16E272E203D30B3001692C8 /* .gitignore in Resources */,
				C16E26E9203D2F2B001692C8 /* .swiftlint.yml in Resources */,
				C14C2B91203D1DE300EBD693 /* LaunchScreen.storyboard in Resources */,
				C16E272F203D30B3001692C8 /* LICENSE.txt in Resources */,
				C14C2B8E203D1DE300EBD693 /* Assets.xcassets in Resources */,
			);
			runOnlyForDeploymentPostprocessing = 0;
		};
		C14C2B95203D1DE300EBD693 /* Resources */ = {
			isa = PBXResourcesBuildPhase;
			buildActionMask = 2147483647;
			files = (
			);
			runOnlyForDeploymentPostprocessing = 0;
		};
/* End PBXResourcesBuildPhase section */

/* Begin PBXShellScriptBuildPhase section */
		C16E26EA203D2F99001692C8 /* SwiftLint */ = {
			isa = PBXShellScriptBuildPhase;
			buildActionMask = 2147483647;
			files = (
			);
			inputPaths = (
			);
			name = SwiftLint;
			outputPaths = (
			);
			runOnlyForDeploymentPostprocessing = 0;
			shellPath = /bin/sh;
			shellScript = "if which swiftlint >/dev/null; then\nswiftlint\nelse\necho \"SwiftLint does not exist\"\nfi";
		};
		C16E26EB203D2FD3001692C8 /* Carthage */ = {
			isa = PBXShellScriptBuildPhase;
			buildActionMask = 2147483647;
			files = (
			);
			inputPaths = (
				"$(SRCROOT)/Carthage/Build/iOS/RxSwift.framework",
				"$(SRCROOT)/Carthage/Build/iOS/RxCocoa.framework",
				"$(SRCROOT)/Carthage/Build/iOS/Swinject.framework",
			);
			name = Carthage;
			outputPaths = (
			);
			runOnlyForDeploymentPostprocessing = 0;
			shellPath = /bin/sh;
			shellScript = "/usr/local/bin/carthage copy-frameworks";
		};
/* End PBXShellScriptBuildPhase section */

/* Begin PBXSourcesBuildPhase section */
		C14C2B7F203D1DE200EBD693 /* Sources */ = {
			isa = PBXSourcesBuildPhase;
			buildActionMask = 2147483647;
			files = (
				C16E2733203D30B3001692C8 /* SNPathBuilder.swift in Sources */,
				C16E274A203D3550001692C8 /* UIImage+Fill.swift in Sources */,
				C16E274C203D3581001692C8 /* AutoLayout.swift in Sources */,
				C16E2744203D34CD001692C8 /* CAShapeLayer+Rx.swift in Sources */,
				C16E2757203D368E001692C8 /* PaintPathColorState.swift in Sources */,
				C16E2753203D364C001692C8 /* PaintPathState.swift in Sources */,
				C16E275F203D3778001692C8 /* PaintViewController.swift in Sources */,
				C16E273B203D33F5001692C8 /* PathInfo.swift in Sources */,
				C16E275D203D3710001692C8 /* PaintUIBarButtonItems.swift in Sources */,
				C16E2742203D3468001692C8 /* SNDrawView+Rx.swift in Sources */,
				C16E2761203D37D5001692C8 /* PaintAssembly.swift in Sources */,
				C16E2748203D3534001692C8 /* UIBarButtonItem+Highlight.swift in Sources */,
				C16E2746203D3506001692C8 /* UIImage+Color.swift in Sources */,
				C16E275B203D36EA001692C8 /* PaintView.swift in Sources */,
				C16E2732203D30B3001692C8 /* SNPath.swift in Sources */,
				C16E2755203D366B001692C8 /* PaintPathEditState.swift in Sources */,
				C16E273D203D340C001692C8 /* PaintColorType.swift in Sources */,
				C16E2740203D3448001692C8 /* RxSNDrawViewDelegateProxy.swift in Sources */,
				C16E2750203D361D001692C8 /* PaintViewModel.swift in Sources */,
				C16E2759203D36A9001692C8 /* PaintSaveState.swift in Sources */,
				C16E2735203D338E001692C8 /* PaintPathRepository.swift in Sources */,
				C16E2731203D30B3001692C8 /* SNDrawView.swift in Sources */,
				C14C2B87203D1DE200EBD693 /* AppDelegate.swift in Sources */,
				C16E274E203D359E001692C8 /* ColorResolver.swift in Sources */,
			);
			runOnlyForDeploymentPostprocessing = 0;
		};
		C14C2B93203D1DE300EBD693 /* Sources */ = {
			isa = PBXSourcesBuildPhase;
			buildActionMask = 2147483647;
			files = (
				C14C2B9C203D1DE300EBD693 /* MVVMPaintAppSwiftTests.swift in Sources */,
			);
			runOnlyForDeploymentPostprocessing = 0;
		};
/* End PBXSourcesBuildPhase section */

/* Begin PBXTargetDependency section */
		C14C2B99203D1DE300EBD693 /* PBXTargetDependency */ = {
			isa = PBXTargetDependency;
			target = C14C2B82203D1DE200EBD693 /* MVVMPaintAppSwift */;
			targetProxy = C14C2B98203D1DE300EBD693 /* PBXContainerItemProxy */;
		};
/* End PBXTargetDependency section */

/* Begin PBXVariantGroup section */
		C14C2B8F203D1DE300EBD693 /* LaunchScreen.storyboard */ = {
			isa = PBXVariantGroup;
			children = (
				C14C2B90203D1DE300EBD693 /* Base */,
			);
			name = LaunchScreen.storyboard;
			sourceTree = "<group>";
		};
/* End PBXVariantGroup section */

/* Begin XCBuildConfiguration section */
		C14C2B9E203D1DE300EBD693 /* Debug */ = {
			isa = XCBuildConfiguration;
			buildSettings = {
				ALWAYS_SEARCH_USER_PATHS = NO;
				CLANG_ANALYZER_NONNULL = YES;
				CLANG_ANALYZER_NUMBER_OBJECT_CONVERSION = YES_AGGRESSIVE;
				CLANG_CXX_LANGUAGE_STANDARD = "gnu++14";
				CLANG_CXX_LIBRARY = "libc++";
				CLANG_ENABLE_MODULES = YES;
				CLANG_ENABLE_OBJC_ARC = YES;
				CLANG_WARN_BLOCK_CAPTURE_AUTORELEASING = YES;
				CLANG_WARN_BOOL_CONVERSION = YES;
				CLANG_WARN_COMMA = YES;
				CLANG_WARN_CONSTANT_CONVERSION = YES;
				CLANG_WARN_DIRECT_OBJC_ISA_USAGE = YES_ERROR;
				CLANG_WARN_DOCUMENTATION_COMMENTS = YES;
				CLANG_WARN_EMPTY_BODY = YES;
				CLANG_WARN_ENUM_CONVERSION = YES;
				CLANG_WARN_INFINITE_RECURSION = YES;
				CLANG_WARN_INT_CONVERSION = YES;
				CLANG_WARN_NON_LITERAL_NULL_CONVERSION = YES;
				CLANG_WARN_OBJC_LITERAL_CONVERSION = YES;
				CLANG_WARN_OBJC_ROOT_CLASS = YES_ERROR;
				CLANG_WARN_RANGE_LOOP_ANALYSIS = YES;
				CLANG_WARN_STRICT_PROTOTYPES = YES;
				CLANG_WARN_SUSPICIOUS_MOVE = YES;
				CLANG_WARN_UNGUARDED_AVAILABILITY = YES_AGGRESSIVE;
				CLANG_WARN_UNREACHABLE_CODE = YES;
				CLANG_WARN__DUPLICATE_METHOD_MATCH = YES;
				CODE_SIGN_IDENTITY = "iPhone Developer";
				COPY_PHASE_STRIP = NO;
				DEBUG_INFORMATION_FORMAT = dwarf;
				ENABLE_STRICT_OBJC_MSGSEND = YES;
				ENABLE_TESTABILITY = YES;
				GCC_C_LANGUAGE_STANDARD = gnu11;
				GCC_DYNAMIC_NO_PIC = NO;
				GCC_NO_COMMON_BLOCKS = YES;
				GCC_OPTIMIZATION_LEVEL = 0;
				GCC_PREPROCESSOR_DEFINITIONS = (
					"DEBUG=1",
					"$(inherited)",
				);
				GCC_WARN_64_TO_32_BIT_CONVERSION = YES;
				GCC_WARN_ABOUT_RETURN_TYPE = YES_ERROR;
				GCC_WARN_UNDECLARED_SELECTOR = YES;
				GCC_WARN_UNINITIALIZED_AUTOS = YES_AGGRESSIVE;
				GCC_WARN_UNUSED_FUNCTION = YES;
				GCC_WARN_UNUSED_VARIABLE = YES;
				IPHONEOS_DEPLOYMENT_TARGET = 11.2;
				MTL_ENABLE_DEBUG_INFO = YES;
				ONLY_ACTIVE_ARCH = YES;
				SDKROOT = iphoneos;
				SWIFT_ACTIVE_COMPILATION_CONDITIONS = DEBUG;
				SWIFT_OPTIMIZATION_LEVEL = "-Onone";
			};
			name = Debug;
		};
		C14C2B9F203D1DE300EBD693 /* Release */ = {
			isa = XCBuildConfiguration;
			buildSettings = {
				ALWAYS_SEARCH_USER_PATHS = NO;
				CLANG_ANALYZER_NONNULL = YES;
				CLANG_ANALYZER_NUMBER_OBJECT_CONVERSION = YES_AGGRESSIVE;
				CLANG_CXX_LANGUAGE_STANDARD = "gnu++14";
				CLANG_CXX_LIBRARY = "libc++";
				CLANG_ENABLE_MODULES = YES;
				CLANG_ENABLE_OBJC_ARC = YES;
				CLANG_WARN_BLOCK_CAPTURE_AUTORELEASING = YES;
				CLANG_WARN_BOOL_CONVERSION = YES;
				CLANG_WARN_COMMA = YES;
				CLANG_WARN_CONSTANT_CONVERSION = YES;
				CLANG_WARN_DIRECT_OBJC_ISA_USAGE = YES_ERROR;
				CLANG_WARN_DOCUMENTATION_COMMENTS = YES;
				CLANG_WARN_EMPTY_BODY = YES;
				CLANG_WARN_ENUM_CONVERSION = YES;
				CLANG_WARN_INFINITE_RECURSION = YES;
				CLANG_WARN_INT_CONVERSION = YES;
				CLANG_WARN_NON_LITERAL_NULL_CONVERSION = YES;
				CLANG_WARN_OBJC_LITERAL_CONVERSION = YES;
				CLANG_WARN_OBJC_ROOT_CLASS = YES_ERROR;
				CLANG_WARN_RANGE_LOOP_ANALYSIS = YES;
				CLANG_WARN_STRICT_PROTOTYPES = YES;
				CLANG_WARN_SUSPICIOUS_MOVE = YES;
				CLANG_WARN_UNGUARDED_AVAILABILITY = YES_AGGRESSIVE;
				CLANG_WARN_UNREACHABLE_CODE = YES;
				CLANG_WARN__DUPLICATE_METHOD_MATCH = YES;
				CODE_SIGN_IDENTITY = "iPhone Developer";
				COPY_PHASE_STRIP = NO;
				DEBUG_INFORMATION_FORMAT = "dwarf-with-dsym";
				ENABLE_NS_ASSERTIONS = NO;
				ENABLE_STRICT_OBJC_MSGSEND = YES;
				GCC_C_LANGUAGE_STANDARD = gnu11;
				GCC_NO_COMMON_BLOCKS = YES;
				GCC_WARN_64_TO_32_BIT_CONVERSION = YES;
				GCC_WARN_ABOUT_RETURN_TYPE = YES_ERROR;
				GCC_WARN_UNDECLARED_SELECTOR = YES;
				GCC_WARN_UNINITIALIZED_AUTOS = YES_AGGRESSIVE;
				GCC_WARN_UNUSED_FUNCTION = YES;
				GCC_WARN_UNUSED_VARIABLE = YES;
				IPHONEOS_DEPLOYMENT_TARGET = 11.2;
				MTL_ENABLE_DEBUG_INFO = NO;
				SDKROOT = iphoneos;
				SWIFT_OPTIMIZATION_LEVEL = "-Owholemodule";
				VALIDATE_PRODUCT = YES;
			};
			name = Release;
		};
		C14C2BA1203D1DE300EBD693 /* Debug */ = {
			isa = XCBuildConfiguration;
			buildSettings = {
				ASSETCATALOG_COMPILER_APPICON_NAME = AppIcon;
				CODE_SIGN_STYLE = Manual;
				DEVELOPMENT_TEAM = "";
				FRAMEWORK_SEARCH_PATHS = (
					"$(inherited)",
					"$(PROJECT_DIR)/Carthage/Build/iOS",
				);
				INFOPLIST_FILE = MVVMPaintAppSwift/Info.plist;
				LD_RUNPATH_SEARCH_PATHS = "$(inherited) @executable_path/Frameworks";
				PRODUCT_BUNDLE_IDENTIFIER = com.miichan.MVVMPaintAppSwift;
				PRODUCT_NAME = "$(TARGET_NAME)";
				PROVISIONING_PROFILE_SPECIFIER = "";
				SWIFT_VERSION = 4.0;
				TARGETED_DEVICE_FAMILY = "1,2";
			};
			name = Debug;
		};
		C14C2BA2203D1DE300EBD693 /* Release */ = {
			isa = XCBuildConfiguration;
			buildSettings = {
				ASSETCATALOG_COMPILER_APPICON_NAME = AppIcon;
				CODE_SIGN_STYLE = Manual;
				DEVELOPMENT_TEAM = "";
				FRAMEWORK_SEARCH_PATHS = (
					"$(inherited)",
					"$(PROJECT_DIR)/Carthage/Build/iOS",
				);
				INFOPLIST_FILE = MVVMPaintAppSwift/Info.plist;
				LD_RUNPATH_SEARCH_PATHS = "$(inherited) @executable_path/Frameworks";
				PRODUCT_BUNDLE_IDENTIFIER = com.miichan.MVVMPaintAppSwift;
				PRODUCT_NAME = "$(TARGET_NAME)";
				PROVISIONING_PROFILE_SPECIFIER = "";
				SWIFT_VERSION = 4.0;
				TARGETED_DEVICE_FAMILY = "1,2";
			};
			name = Release;
		};
		C14C2BA4203D1DE300EBD693 /* Debug */ = {
			isa = XCBuildConfiguration;
			buildSettings = {
				ALWAYS_EMBED_SWIFT_STANDARD_LIBRARIES = YES;
				BUNDLE_LOADER = "$(TEST_HOST)";
				CODE_SIGN_STYLE = Automatic;
				INFOPLIST_FILE = MVVMPaintAppSwiftTests/Info.plist;
				LD_RUNPATH_SEARCH_PATHS = "$(inherited) @executable_path/Frameworks @loader_path/Frameworks";
				PRODUCT_BUNDLE_IDENTIFIER = com.miichan.MVVMPaintAppSwiftTests;
				PRODUCT_NAME = "$(TARGET_NAME)";
				SWIFT_VERSION = 4.0;
				TARGETED_DEVICE_FAMILY = "1,2";
				TEST_HOST = "$(BUILT_PRODUCTS_DIR)/MVVMPaintAppSwift.app/MVVMPaintAppSwift";
			};
			name = Debug;
		};
		C14C2BA5203D1DE300EBD693 /* Release */ = {
			isa = XCBuildConfiguration;
			buildSettings = {
				ALWAYS_EMBED_SWIFT_STANDARD_LIBRARIES = YES;
				BUNDLE_LOADER = "$(TEST_HOST)";
				CODE_SIGN_STYLE = Automatic;
				INFOPLIST_FILE = MVVMPaintAppSwiftTests/Info.plist;
				LD_RUNPATH_SEARCH_PATHS = "$(inherited) @executable_path/Frameworks @loader_path/Frameworks";
				PRODUCT_BUNDLE_IDENTIFIER = com.miichan.MVVMPaintAppSwiftTests;
				PRODUCT_NAME = "$(TARGET_NAME)";
				SWIFT_VERSION = 4.0;
				TARGETED_DEVICE_FAMILY = "1,2";
				TEST_HOST = "$(BUILT_PRODUCTS_DIR)/MVVMPaintAppSwift.app/MVVMPaintAppSwift";
			};
			name = Release;
		};
/* End XCBuildConfiguration section */

/* Begin XCConfigurationList section */
		C14C2B7E203D1DE200EBD693 /* Build configuration list for PBXProject "MVVMPaintAppSwift" */ = {
			isa = XCConfigurationList;
			buildConfigurations = (
				C14C2B9E203D1DE300EBD693 /* Debug */,
				C14C2B9F203D1DE300EBD693 /* Release */,
			);
			defaultConfigurationIsVisible = 0;
			defaultConfigurationName = Release;
		};
		C14C2BA0203D1DE300EBD693 /* Build configuration list for PBXNativeTarget "MVVMPaintAppSwift" */ = {
			isa = XCConfigurationList;
			buildConfigurations = (
				C14C2BA1203D1DE300EBD693 /* Debug */,
				C14C2BA2203D1DE300EBD693 /* Release */,
			);
			defaultConfigurationIsVisible = 0;
			defaultConfigurationName = Release;
		};
		C14C2BA3203D1DE300EBD693 /* Build configuration list for PBXNativeTarget "MVVMPaintAppSwiftTests" */ = {
			isa = XCConfigurationList;
			buildConfigurations = (
				C14C2BA4203D1DE300EBD693 /* Debug */,
				C14C2BA5203D1DE300EBD693 /* Release */,
			);
			defaultConfigurationIsVisible = 0;
			defaultConfigurationName = Release;
		};
/* End XCConfigurationList section */
	};
	rootObject = C14C2B7B203D1DE200EBD693 /* Project object */;
}
